
Microsoft Visual Studio Solution File, Format Version 12.00
# Visual Studio 14
VisualStudioVersion = 14.0.24720.0
MinimumVisualStudioVersion = 10.0.40219.1
Project("{FAE04EC0-301F-11D3-BF4B-00C04F79EFBC}") = "PhotoArt.Data", "PhotoArt.Data\PhotoArt.Data.csproj", "{73D1EDDF-997F-4E17-8F12-2A7AFE09DC6E}"
EndProject
Project("{FAE04EC0-301F-11D3-BF4B-00C04F79EFBC}") = "PhotoArt.Models", "PhotoArt.Models\PhotoArt.Models.csproj", "{06C9A230-0515-4780-B4B3-39C7F9B4294F}"
EndProject
Project("{FAE04EC0-301F-11D3-BF4B-00C04F79EFBC}") = "PhotoArt.Contracts", "PhotoArt.Contracts\PhotoArt.Contracts.csproj", "{74116602-2CC8-43D7-B3E8-C36E109E03BB}"
EndProject
Project("{FAE04EC0-301F-11D3-BF4B-00C04F79EFBC}") = "PhotoArt.Web", "PhotoArt.Web\PhotoArt.Web.csproj", "{1E1967F1-DED1-46B3-98AD-8C0224FB2434}"
EndProject
Global
	GlobalSection(SolutionConfigurationPlatforms) = preSolution
		Debug|Any CPU = Debug|Any CPU
		Release|Any CPU = Release|Any CPU
	EndGlobalSection
	GlobalSection(ProjectConfigurationPlatforms) = postSolution
		{73D1EDDF-997F-4E17-8F12-2A7AFE09DC6E}.Debug|Any CPU.ActiveCfg = Debug|Any CPU
		{73D1EDDF-997F-4E17-8F12-2A7AFE09DC6E}.Debug|Any CPU.Build.0 = Debug|Any CPU
		{73D1EDDF-997F-4E17-8F12-2A7AFE09DC6E}.Release|Any CPU.ActiveCfg = Release|Any CPU
		{73D1EDDF-997F-4E17-8F12-2A7AFE09DC6E}.Release|Any CPU.Build.0 = Release|Any CPU
		{06C9A230-0515-4780-B4B3-39C7F9B4294F}.Debug|Any CPU.ActiveCfg = Debug|Any CPU
		{06C9A230-0515-4780-B4B3-39C7F9B4294F}.Debug|Any CPU.Build.0 = Debug|Any CPU
		{06C9A230-0515-4780-B4B3-39C7F9B4294F}.Release|Any CPU.ActiveCfg = Release|Any CPU
		{06C9A230-0515-4780-B4B3-39C7F9B4294F}.Release|Any CPU.Build.0 = Release|Any CPU
		{74116602-2CC8-43D7-B3E8-C36E109E03BB}.Debug|Any CPU.ActiveCfg = Debug|Any CPU
		{74116602-2CC8-43D7-B3E8-C36E109E03BB}.Debug|Any CPU.Build.0 = Debug|Any CPU
		{74116602-2CC8-43D7-B3E8-C36E109E03BB}.Release|Any CPU.ActiveCfg = Release|Any CPU
		{74116602-2CC8-43D7-B3E8-C36E109E03BB}.Release|Any CPU.Build.0 = Release|Any CPU
		{1E1967F1-DED1-46B3-98AD-8C0224FB2434}.Debug|Any CPU.ActiveCfg = Debug|Any CPU
		{1E1967F1-DED1-46B3-98AD-8C0224FB2434}.Debug|Any CPU.Build.0 = Debug|Any CPU
		{1E1967F1-DED1-46B3-98AD-8C0224FB2434}.Release|Any CPU.ActiveCfg = Release|Any CPU
		{1E1967F1-DED1-46B3-98AD-8C0224FB2434}.Release|Any CPU.Build.0 = Release|Any CPU
	EndGlobalSection
	GlobalSection(SolutionProperties) = preSolution
		HideSolutionNode = FALSE
	EndGlobalSection
EndGlobal
